// !$*UTF8*$!
{
	archiveVersion = 1;
	classes = {
	};
	objectVersion = 50;
	objects = {

/* Begin PBXBuildFile section */
		439FB5AD23CDCA2500A937CC /* CityTableViewCell.swift in Sources */ = {isa = PBXBuildFile; fileRef = 439FB5AC23CDCA2500A937CC /* CityTableViewCell.swift */; };
		439FB5F923CDD2D300A937CC /* FeedData.swift in Sources */ = {isa = PBXBuildFile; fileRef = 439FB5F823CDD2D300A937CC /* FeedData.swift */; };
		439FB5FB23CDD36A00A937CC /* NetworkUtility.swift in Sources */ = {isa = PBXBuildFile; fileRef = 439FB5FA23CDD36A00A937CC /* NetworkUtility.swift */; };
		5703829022BF760F001E413B /* picCollectionViewController.swift in Sources */ = {isa = PBXBuildFile; fileRef = 5703828F22BF760F001E413B /* picCollectionViewController.swift */; };
		5703829222BF761B001E413B /* picCollectionViewCell.swift in Sources */ = {isa = PBXBuildFile; fileRef = 5703829122BF761B001E413B /* picCollectionViewCell.swift */; };
		57C1459C22BE08430035D836 /* AppDelegate.swift in Sources */ = {isa = PBXBuildFile; fileRef = 57C1459B22BE08430035D836 /* AppDelegate.swift */; };
		57C1459E22BE08430035D836 /* ViewController.swift in Sources */ = {isa = PBXBuildFile; fileRef = 57C1459D22BE08430035D836 /* ViewController.swift */; };
		57C145A122BE08430035D836 /* Main.storyboard in Resources */ = {isa = PBXBuildFile; fileRef = 57C1459F22BE08430035D836 /* Main.storyboard */; };
		57C145A322BE08450035D836 /* Assets.xcassets in Resources */ = {isa = PBXBuildFile; fileRef = 57C145A222BE08450035D836 /* Assets.xcassets */; };
		57C145A622BE08450035D836 /* LaunchScreen.storyboard in Resources */ = {isa = PBXBuildFile; fileRef = 57C145A422BE08450035D836 /* LaunchScreen.storyboard */; };
		57C145B022BE15D40035D836 /* CityTableViewController.swift in Sources */ = {isa = PBXBuildFile; fileRef = 57C145AF22BE15D40035D836 /* CityTableViewController.swift */; };
		57C145BC22BE2F420035D836 /* ChooseTableViewController.swift in Sources */ = {isa = PBXBuildFile; fileRef = 57C145BB22BE2F420035D836 /* ChooseTableViewController.swift */; };
/* End PBXBuildFile section */

/* Begin PBXFileReference section */
		439FB5AC23CDCA2500A937CC /* CityTableViewCell.swift */ = {isa = PBXFileReference; fileEncoding = 4; lastKnownFileType = sourcecode.swift; path = CityTableViewCell.swift; sourceTree = "<group>"; };
		439FB5F823CDD2D300A937CC /* FeedData.swift */ = {isa = PBXFileReference; lastKnownFileType = sourcecode.swift; path = FeedData.swift; sourceTree = "<group>"; };
		439FB5FA23CDD36A00A937CC /* NetworkUtility.swift */ = {isa = PBXFileReference; lastKnownFileType = sourcecode.swift; path = NetworkUtility.swift; sourceTree = "<group>"; };
		5703828F22BF760F001E413B /* picCollectionViewController.swift */ = {isa = PBXFileReference; lastKnownFileType = sourcecode.swift; path = picCollectionViewController.swift; sourceTree = "<group>"; };
		5703829122BF761B001E413B /* picCollectionViewCell.swift */ = {isa = PBXFileReference; lastKnownFileType = sourcecode.swift; path = picCollectionViewCell.swift; sourceTree = "<group>"; };
		57C1459822BE08430035D836 /* jasper.app */ = {isa = PBXFileReference; explicitFileType = wrapper.application; includeInIndex = 0; path = jasper.app; sourceTree = BUILT_PRODUCTS_DIR; };
		57C1459B22BE08430035D836 /* AppDelegate.swift */ = {isa = PBXFileReference; lastKnownFileType = sourcecode.swift; path = AppDelegate.swift; sourceTree = "<group>"; };
		57C1459D22BE08430035D836 /* ViewController.swift */ = {isa = PBXFileReference; lastKnownFileType = sourcecode.swift; path = ViewController.swift; sourceTree = "<group>"; };
		57C145A022BE08430035D836 /* Base */ = {isa = PBXFileReference; lastKnownFileType = file.storyboard; name = Base; path = Base.lproj/Main.storyboard; sourceTree = "<group>"; };
		57C145A222BE08450035D836 /* Assets.xcassets */ = {isa = PBXFileReference; lastKnownFileType = folder.assetcatalog; path = Assets.xcassets; sourceTree = "<group>"; };
		57C145A522BE08450035D836 /* Base */ = {isa = PBXFileReference; lastKnownFileType = file.storyboard; name = Base; path = Base.lproj/LaunchScreen.storyboard; sourceTree = "<group>"; };
		57C145A722BE08450035D836 /* Info.plist */ = {isa = PBXFileReference; lastKnownFileType = text.plist.xml; path = Info.plist; sourceTree = "<group>"; };
		57C145AF22BE15D40035D836 /* CityTableViewController.swift */ = {isa = PBXFileReference; lastKnownFileType = sourcecode.swift; path = CityTableViewController.swift; sourceTree = "<group>"; };
		57C145BB22BE2F420035D836 /* ChooseTableViewController.swift */ = {isa = PBXFileReference; fileEncoding = 4; lastKnownFileType = sourcecode.swift; path = ChooseTableViewController.swift; sourceTree = "<group>"; };
/* End PBXFileReference section */

/* Begin PBXFrameworksBuildPhase section */
		57C1459522BE08430035D836 /* Frameworks */ = {
			isa = PBXFrameworksBuildPhase;
			buildActionMask = 2147483647;
			files = (
			);
			runOnlyForDeploymentPostprocessing = 0;
		};
/* End PBXFrameworksBuildPhase section */

/* Begin PBXGroup section */
		57C1458F22BE08430035D836 = {
			isa = PBXGroup;
			children = (
				57C1459A22BE08430035D836 /* jasper */,
				57C1459922BE08430035D836 /* Products */,
			);
			sourceTree = "<group>";
		};
		57C1459922BE08430035D836 /* Products */ = {
			isa = PBXGroup;
			children = (
				57C1459822BE08430035D836 /* jasper.app */,
			);
			name = Products;
			sourceTree = "<group>";
		};
		57C1459A22BE08430035D836 /* jasper */ = {
			isa = PBXGroup;
			children = (
				57C1459B22BE08430035D836 /* AppDelegate.swift */,
				57C1459D22BE08430035D836 /* ViewController.swift */,
				57C1459F22BE08430035D836 /* Main.storyboard */,
				5703828F22BF760F001E413B /* picCollectionViewController.swift */,
				5703829122BF761B001E413B /* picCollectionViewCell.swift */,
				439FB5F823CDD2D300A937CC /* FeedData.swift */,
				57C145BB22BE2F420035D836 /* ChooseTableViewController.swift */,
				57C145AF22BE15D40035D836 /* CityTableViewController.swift */,
				439FB5AC23CDCA2500A937CC /* CityTableViewCell.swift */,
				57C145A222BE08450035D836 /* Assets.xcassets */,
				57C145A422BE08450035D836 /* LaunchScreen.storyboard */,
				57C145A722BE08450035D836 /* Info.plist */,
				439FB5FA23CDD36A00A937CC /* NetworkUtility.swift */,
			);
			path = jasper;
			sourceTree = "<group>";
		};
/* End PBXGroup section */

/* Begin PBXNativeTarget section */
		57C1459722BE08430035D836 /* jasper */ = {
			isa = PBXNativeTarget;
			buildConfigurationList = 57C145AA22BE08450035D836 /* Build configuration list for PBXNativeTarget "jasper" */;
			buildPhases = (
				57C1459422BE08430035D836 /* Sources */,
				57C1459522BE08430035D836 /* Frameworks */,
				57C1459622BE08430035D836 /* Resources */,
			);
			buildRules = (
			);
			dependencies = (
			);
			name = jasper;
			productName = jasper;
			productReference = 57C1459822BE08430035D836 /* jasper.app */;
			productType = "com.apple.product-type.application";
		};
/* End PBXNativeTarget section */

/* Begin PBXProject section */
		57C1459022BE08430035D836 /* Project object */ = {
			isa = PBXProject;
			attributes = {
				LastSwiftUpdateCheck = 1020;
				LastUpgradeCheck = 1020;
				ORGANIZATIONNAME = User07;
				TargetAttributes = {
					57C1459722BE08430035D836 = {
						CreatedOnToolsVersion = 10.2;
					};
				};
			};
			buildConfigurationList = 57C1459322BE08430035D836 /* Build configuration list for PBXProject "jasper" */;
			compatibilityVersion = "Xcode 9.3";
			developmentRegion = en;
			hasScannedForEncodings = 0;
			knownRegions = (
				en,
				Base,
			);
			mainGroup = 57C1458F22BE08430035D836;
			productRefGroup = 57C1459922BE08430035D836 /* Products */;
			projectDirPath = "";
			projectRoot = "";
			targets = (
				57C1459722BE08430035D836 /* jasper */,
			);
		};
/* End PBXProject section */

/* Begin PBXResourcesBuildPhase section */
		57C1459622BE08430035D836 /* Resources */ = {
			isa = PBXResourcesBuildPhase;
			buildActionMask = 2147483647;
			files = (
				57C145A622BE08450035D836 /* LaunchScreen.storyboard in Resources */,
				57C145A322BE08450035D836 /* Assets.xcassets in Resources */,
				57C145A122BE08430035D836 /* Main.storyboard in Resources */,
			);
			runOnlyForDeploymentPostprocessing = 0;
		};
/* End PBXResourcesBuildPhase section */

/* Begin PBXSourcesBuildPhase section */
		57C1459422BE08430035D836 /* Sources */ = {
			isa = PBXSourcesBuildPhase;
			buildActionMask = 2147483647;
			files = (
				5703829022BF760F001E413B /* picCollectionViewController.swift in Sources */,
				57C145B022BE15D40035D836 /* CityTableViewController.swift in Sources */,
				57C145BC22BE2F420035D836 /* ChooseTableViewController.swift in Sources */,
				5703829222BF761B001E413B /* picCollectionViewCell.swift in Sources */,
				57C1459E22BE08430035D836 /* ViewController.swift in Sources */,
				439FB5AD23CDCA2500A937CC /* CityTableViewCell.swift in Sources */,
				57C1459C22BE08430035D836 /* AppDelegate.swift in Sources */,
				439FB5FB23CDD36A00A937CC /* NetworkUtility.swift in Sources */,
				439FB5F923CDD2D300A937CC /* FeedData.swift in Sources */,
			);
			runOnlyForDeploymentPostprocessing = 0;
		};
/* End PBXSourcesBuildPhase section */

/* Begin PBXVariantGroup section */
		57C1459F22BE08430035D836 /* Main.storyboard */ = {
			isa = PBXVariantGroup;
			children = (
				57C145A022BE08430035D836 /* Base */,
			);
			name = Main.storyboard;
			sourceTree = "<group>";
		};
		57C145A422BE08450035D836 /* LaunchScreen.storyboard */ = {
			isa = PBXVariantGroup;
			children = (
				57C145A522BE08450035D836 /* Base */,
			);
			name = LaunchScreen.storyboard;
			sourceTree = "<group>";
		};
/* End PBXVariantGroup section */

/* Begin XCBuildConfiguration section */
		57C145A822BE08450035D836 /* Debug */ = {
			isa = XCBuildConfiguration;
			buildSettings = {
				ALWAYS_SEARCH_USER_PATHS = NO;
				CLANG_ANALYZER_NONNULL = YES;
				CLANG_ANALYZER_NUMBER_OBJECT_CONVERSION = YES_AGGRESSIVE;
				CLANG_CXX_LANGUAGE_STANDARD = "gnu++14";
				CLANG_CXX_LIBRARY = "libc++";
				CLANG_ENABLE_MODULES = YES;
				CLANG_ENABLE_OBJC_ARC = YES;
				CLANG_ENABLE_OBJC_WEAK = YES;
				CLANG_WARN_BLOCK_CAPTURE_AUTORELEASING = YES;
				CLANG_WARN_BOOL_CONVERSION = YES;
				CLANG_WARN_COMMA = YES;
				CLANG_WARN_CONSTANT_CONVERSION = YES;
				CLANG_WARN_DEPRECATED_OBJC_IMPLEMENTATIONS = YES;
				CLANG_WARN_DIRECT_OBJC_ISA_USAGE = YES_ERROR;
				CLANG_WARN_DOCUMENTATION_COMMENTS = YES;
				CLANG_WARN_EMPTY_BODY = YES;
				CLANG_WARN_ENUM_CONVERSION = YES;
				CLANG_WARN_INFINITE_RECURSION = YES;
				CLANG_WARN_INT_CONVERSION = YES;
				CLANG_WARN_NON_LITERAL_NULL_CONVERSION = YES;
				CLANG_WARN_OBJC_IMPLICIT_RETAIN_SELF = YES;
				CLANG_WARN_OBJC_LITERAL_CONVERSION = YES;
				CLANG_WARN_OBJC_ROOT_CLASS = YES_ERROR;
				CLANG_WARN_RANGE_LOOP_ANALYSIS = YES;
				CLANG_WARN_STRICT_PROTOTYPES = YES;
				CLANG_WARN_SUSPICIOUS_MOVE = YES;
				CLANG_WARN_UNGUARDED_AVAILABILITY = YES_AGGRESSIVE;
				CLANG_WARN_UNREACHABLE_CODE = YES;
				CLANG_WARN__DUPLICATE_METHOD_MATCH = YES;
				CODE_SIGN_IDENTITY = "iPhone Developer";
				COPY_PHASE_STRIP = NO;
				DEBUG_INFORMATION_FORMAT = dwarf;
				ENABLE_STRICT_OBJC_MSGSEND = YES;
				ENABLE_TESTABILITY = YES;
				GCC_C_LANGUAGE_STANDARD = gnu11;
				GCC_DYNAMIC_NO_PIC = NO;
				GCC_NO_COMMON_BLOCKS = YES;
				GCC_OPTIMIZATION_LEVEL = 0;
				GCC_PREPROCESSOR_DEFINITIONS = (
					"DEBUG=1",
					"$(inherited)",
				);
				GCC_WARN_64_TO_32_BIT_CONVERSION = YES;
				GCC_WARN_ABOUT_RETURN_TYPE = YES_ERROR;
				GCC_WARN_UNDECLARED_SELECTOR = YES;
				GCC_WARN_UNINITIALIZED_AUTOS = YES_AGGRESSIVE;
				GCC_WARN_UNUSED_FUNCTION = YES;
				GCC_WARN_UNUSED_VARIABLE = YES;
				IPHONEOS_DEPLOYMENT_TARGET = 12.2;
				MTL_ENABLE_DEBUG_INFO = INCLUDE_SOURCE;
				MTL_FAST_MATH = YES;
				ONLY_ACTIVE_ARCH = YES;
				SDKROOT = iphoneos;
				SWIFT_ACTIVE_COMPILATION_CONDITIONS = DEBUG;
				SWIFT_OPTIMIZATION_LEVEL = "-Onone";
			};
			name = Debug;
		};
		57C145A922BE08450035D836 /* Release */ = {
			isa = XCBuildConfiguration;
			buildSettings = {
				ALWAYS_SEARCH_USER_PATHS = NO;
				CLANG_ANALYZER_NONNULL = YES;
				CLANG_ANALYZER_NUMBER_OBJECT_CONVERSION = YES_AGGRESSIVE;
				CLANG_CXX_LANGUAGE_STANDARD = "gnu++14";
				CLANG_CXX_LIBRARY = "libc++";
				CLANG_ENABLE_MODULES = YES;
				CLANG_ENABLE_OBJC_ARC = YES;
				CLANG_ENABLE_OBJC_WEAK = YES;
				CLANG_WARN_BLOCK_CAPTURE_AUTORELEASING = YES;
				CLANG_WARN_BOOL_CONVERSION = YES;
				CLANG_WARN_COMMA = YES;
				CLANG_WARN_CONSTANT_CONVERSION = YES;
				CLANG_WARN_DEPRECATED_OBJC_IMPLEMENTATIONS = YES;
				CLANG_WARN_DIRECT_OBJC_ISA_USAGE = YES_ERROR;
				CLANG_WARN_DOCUMENTATION_COMMENTS = YES;
				CLANG_WARN_EMPTY_BODY = YES;
				CLANG_WARN_ENUM_CONVERSION = YES;
				CLANG_WARN_INFINITE_RECURSION = YES;
				CLANG_WARN_INT_CONVERSION = YES;
				CLANG_WARN_NON_LITERAL_NULL_CONVERSION = YES;
				CLANG_WARN_OBJC_IMPLICIT_RETAIN_SELF = YES;
				CLANG_WARN_OBJC_LITERAL_CONVERSION = YES;
				CLANG_WARN_OBJC_ROOT_CLASS = YES_ERROR;
				CLANG_WARN_RANGE_LOOP_ANALYSIS = YES;
				CLANG_WARN_STRICT_PROTOTYPES = YES;
				CLANG_WARN_SUSPICIOUS_MOVE = YES;
				CLANG_WARN_UNGUARDED_AVAILABILITY = YES_AGGRESSIVE;
				CLANG_WARN_UNREACHABLE_CODE = YES;
				CLANG_WARN__DUPLICATE_METHOD_MATCH = YES;
				CODE_SIGN_IDENTITY = "iPhone Developer";
				COPY_PHASE_STRIP = NO;
				DEBUG_INFORMATION_FORMAT = "dwarf-with-dsym";
				ENABLE_NS_ASSERTIONS = NO;
				ENABLE_STRICT_OBJC_MSGSEND = YES;
				GCC_C_LANGUAGE_STANDARD = gnu11;
				GCC_NO_COMMON_BLOCKS = YES;
				GCC_WARN_64_TO_32_BIT_CONVERSION = YES;
				GCC_WARN_ABOUT_RETURN_TYPE = YES_ERROR;
				GCC_WARN_UNDECLARED_SELECTOR = YES;
				GCC_WARN_UNINITIALIZED_AUTOS = YES_AGGRESSIVE;
				GCC_WARN_UNUSED_FUNCTION = YES;
				GCC_WARN_UNUSED_VARIABLE = YES;
				IPHONEOS_DEPLOYMENT_TARGET = 12.2;
				MTL_ENABLE_DEBUG_INFO = NO;
				MTL_FAST_MATH = YES;
				SDKROOT = iphoneos;
				SWIFT_COMPILATION_MODE = wholemodule;
				SWIFT_OPTIMIZATION_LEVEL = "-O";
				VALIDATE_PRODUCT = YES;
			};
			name = Release;
		};
		57C145AB22BE08450035D836 /* Debug */ = {
			isa = XCBuildConfiguration;
			buildSettings = {
				ASSETCATALOG_COMPILER_APPICON_NAME = AppIcon;
				CODE_SIGN_STYLE = Automatic;
				INFOPLIST_FILE = jasper/Info.plist;
				LD_RUNPATH_SEARCH_PATHS = (
					"$(inherited)",
					"@executable_path/Frameworks",
				);
				PRODUCT_BUNDLE_IDENTIFIER = com.test.jasper;
				PRODUCT_NAME = "$(TARGET_NAME)";
				SWIFT_VERSION = 5.0;
				TARGETED_DEVICE_FAMILY = "1,2";
			};
			name = Debug;
		};
		57C145AC22BE08450035D836 /* Release */ = {
			isa = XCBuildConfiguration;
			buildSettings = {
				ASSETCATALOG_COMPILER_APPICON_NAME = AppIcon;
				CODE_SIGN_STYLE = Automatic;
				INFOPLIST_FILE = jasper/Info.plist;
				LD_RUNPATH_SEARCH_PATHS = (
					"$(inherited)",
					"@executable_path/Frameworks",
				);
				PRODUCT_BUNDLE_IDENTIFIER = com.test.jasper;
				PRODUCT_NAME = "$(TARGET_NAME)";
				SWIFT_VERSION = 5.0;
				TARGETED_DEVICE_FAMILY = "1,2";
			};
			name = Release;
		};
/* End XCBuildConfiguration section */

/* Begin XCConfigurationList section */
		57C1459322BE08430035D836 /* Build configuration list for PBXProject "jasper" */ = {
			isa = XCConfigurationList;
			buildConfigurations = (
				57C145A822BE08450035D836 /* Debug */,
				57C145A922BE08450035D836 /* Release */,
			);
			defaultConfigurationIsVisible = 0;
			defaultConfigurationName = Release;
		};
		57C145AA22BE08450035D836 /* Build configuration list for PBXNativeTarget "jasper" */ = {
			isa = XCConfigurationList;
			buildConfigurations = (
				57C145AB22BE08450035D836 /* Debug */,
				57C145AC22BE08450035D836 /* Release */,
			);
			defaultConfigurationIsVisible = 0;
			defaultConfigurationName = Release;
		};
/* End XCConfigurationList section */
	};
	rootObject = 57C1459022BE08430035D836 /* Project object */;
}
